
Microsoft Visual Studio Solution File, Format Version 12.00
# Visual Studio Version 17
VisualStudioVersion = 17.2.32519.379
MinimumVisualStudioVersion = 10.0.40219.1
Project("{FAE04EC0-301F-11D3-BF4B-00C04F79EFBC}") = "PhoneContacts", "PhoneContacts\PhoneContacts.csproj", "{31983BF5-D710-48B9-A601-D78880BD5388}"
EndProject
Global
	GlobalSection(SolutionConfigurationPlatforms) = preSolution
		Debug|Any CPU = Debug|Any CPU
		Release|Any CPU = Release|Any CPU
	EndGlobalSection
	GlobalSection(ProjectConfigurationPlatforms) = postSolution
		{31983BF5-D710-48B9-A601-D78880BD5388}.Debug|Any CPU.ActiveCfg = Debug|Any CPU
		{31983BF5-D710-48B9-A601-D78880BD5388}.Debug|Any CPU.Build.0 = Debug|Any CPU
		{31983BF5-D710-48B9-A601-D78880BD5388}.Release|Any CPU.ActiveCfg = Release|Any CPU
		{31983BF5-D710-48B9-A601-D78880BD5388}.Release|Any CPU.Build.0 = Release|Any CPU
	EndGlobalSection
	GlobalSection(SolutionProperties) = preSolution
		HideSolutionNode = FALSE
	EndGlobalSection
	GlobalSection(ExtensibilityGlobals) = postSolution
		SolutionGuid = {5FCDE098-8D04-44A4-9A61-D061EEBD51C7}
	EndGlobalSection
EndGlobal
